
Microsoft Visual Studio Solution File, Format Version 12.00
# Visual Studio Version 17
VisualStudioVersion = 17.6.33815.320
MinimumVisualStudioVersion = 10.0.40219.1
Project("{FAE04EC0-301F-11D3-BF4B-00C04F79EFBC}") = "Villa_Api_security", "Villa_Api_security\Villa_Api_security.csproj", "{8D2EA4EF-B807-4E6D-B739-3561127FDF94}"
EndProject
Project("{FAE04EC0-301F-11D3-BF4B-00C04F79EFBC}") = "Magic_Villa_web", "Magic_Villa_web\Magic_Villa_web.csproj", "{ECA27726-05CB-413D-A48C-67EBF0780FD9}"
EndProject
Project("{FAE04EC0-301F-11D3-BF4B-00C04F79EFBC}") = "MagicVilla_Utilityone", "MagicVilla_Utilityone\MagicVilla_Utilityone.csproj", "{FA6C1CE2-7337-40DA-95FF-FC0834CF5CC4}"
EndProject
Global
	GlobalSection(SolutionConfigurationPlatforms) = preSolution
		Debug|Any CPU = Debug|Any CPU
		Release|Any CPU = Release|Any CPU
	EndGlobalSection
	GlobalSection(ProjectConfigurationPlatforms) = postSolution
		{8D2EA4EF-B807-4E6D-B739-3561127FDF94}.Debug|Any CPU.ActiveCfg = Debug|Any CPU
		{8D2EA4EF-B807-4E6D-B739-3561127FDF94}.Debug|Any CPU.Build.0 = Debug|Any CPU
		{8D2EA4EF-B807-4E6D-B739-3561127FDF94}.Release|Any CPU.ActiveCfg = Release|Any CPU
		{8D2EA4EF-B807-4E6D-B739-3561127FDF94}.Release|Any CPU.Build.0 = Release|Any CPU
		{ECA27726-05CB-413D-A48C-67EBF0780FD9}.Debug|Any CPU.ActiveCfg = Debug|Any CPU
		{ECA27726-05CB-413D-A48C-67EBF0780FD9}.Debug|Any CPU.Build.0 = Debug|Any CPU
		{ECA27726-05CB-413D-A48C-67EBF0780FD9}.Release|Any CPU.ActiveCfg = Release|Any CPU
		{ECA27726-05CB-413D-A48C-67EBF0780FD9}.Release|Any CPU.Build.0 = Release|Any CPU
		{FA6C1CE2-7337-40DA-95FF-FC0834CF5CC4}.Debug|Any CPU.ActiveCfg = Debug|Any CPU
		{FA6C1CE2-7337-40DA-95FF-FC0834CF5CC4}.Debug|Any CPU.Build.0 = Debug|Any CPU
		{FA6C1CE2-7337-40DA-95FF-FC0834CF5CC4}.Release|Any CPU.ActiveCfg = Release|Any CPU
		{FA6C1CE2-7337-40DA-95FF-FC0834CF5CC4}.Release|Any CPU.Build.0 = Release|Any CPU
	EndGlobalSection
	GlobalSection(SolutionProperties) = preSolution
		HideSolutionNode = FALSE
	EndGlobalSection
	GlobalSection(ExtensibilityGlobals) = postSolution
		SolutionGuid = {43622830-309E-40CA-87C3-2C23F1C27778}
	EndGlobalSection
EndGlobal
